// !$*UTF8*$!
{
	archiveVersion = 1;
	classes = {
	};
	objectVersion = 51;
	objects = {

/* Begin PBXBuildFile section */
		7815DF6A0EBCE55ABDA75970 /* Pods_video.framework in Frameworks */ = {isa = PBXBuildFile; fileRef = 778099457FFC956DE31FBCFD /* Pods_video.framework */; };
		B231371C237DBC2D00663A70 /* Strings.swift in Sources */ = {isa = PBXBuildFile; fileRef = B231371B237DBC2D00663A70 /* Strings.swift */; };
		B241D460237C446100F8AF1B /* AppDelegate.swift in Sources */ = {isa = PBXBuildFile; fileRef = B241D45F237C446100F8AF1B /* AppDelegate.swift */; };
		B241D462237C446100F8AF1B /* SceneDelegate.swift in Sources */ = {isa = PBXBuildFile; fileRef = B241D461237C446100F8AF1B /* SceneDelegate.swift */; };
		B241D467237C446100F8AF1B /* Main.storyboard in Resources */ = {isa = PBXBuildFile; fileRef = B241D465237C446100F8AF1B /* Main.storyboard */; };
		B241D469237C446200F8AF1B /* Assets.xcassets in Resources */ = {isa = PBXBuildFile; fileRef = B241D468237C446200F8AF1B /* Assets.xcassets */; };
		B241D46C237C446200F8AF1B /* LaunchScreen.storyboard in Resources */ = {isa = PBXBuildFile; fileRef = B241D46A237C446200F8AF1B /* LaunchScreen.storyboard */; };
		B241D474237C450E00F8AF1B /* Podfile in Resources */ = {isa = PBXBuildFile; fileRef = B241D473237C450E00F8AF1B /* Podfile */; };
		B241D477237C493000F8AF1B /* Services.swift in Sources */ = {isa = PBXBuildFile; fileRef = B241D476237C493000F8AF1B /* Services.swift */; };
		B241D47B237C49B300F8AF1B /* Configuration.swift in Sources */ = {isa = PBXBuildFile; fileRef = B241D47A237C49B300F8AF1B /* Configuration.swift */; };
		B241D47D237C49F900F8AF1B /* Constants.swift in Sources */ = {isa = PBXBuildFile; fileRef = B241D47C237C49F900F8AF1B /* Constants.swift */; };
		B241D480237C4A6500F8AF1B /* Video.swift in Sources */ = {isa = PBXBuildFile; fileRef = B241D47F237C4A6500F8AF1B /* Video.swift */; };
		B241D497237DAEF700F8AF1B /* UITableViewAnimation.swift in Sources */ = {isa = PBXBuildFile; fileRef = B241D496237DAEF700F8AF1B /* UITableViewAnimation.swift */; };
		B241D49D237DAF7F00F8AF1B /* ListViewController.swift in Sources */ = {isa = PBXBuildFile; fileRef = B241D49C237DAF7F00F8AF1B /* ListViewController.swift */; };
		B241D49F237DAF8A00F8AF1B /* DetailsViewController.swift in Sources */ = {isa = PBXBuildFile; fileRef = B241D49E237DAF8A00F8AF1B /* DetailsViewController.swift */; };
		B241D4A3237DAFBF00F8AF1B /* VideoCell.swift in Sources */ = {isa = PBXBuildFile; fileRef = B241D4A1237DAFBF00F8AF1B /* VideoCell.swift */; };
		B241D4A4237DAFBF00F8AF1B /* VideoCell.xib in Resources */ = {isa = PBXBuildFile; fileRef = B241D4A2237DAFBF00F8AF1B /* VideoCell.xib */; };
		B241D4A6237DAFF900F8AF1B /* UITableViewCell+Helpers.swift in Sources */ = {isa = PBXBuildFile; fileRef = B241D4A5237DAFF900F8AF1B /* UITableViewCell+Helpers.swift */; };
		B241D4A8237DB02400F8AF1B /* NSObject+Helpers.swift in Sources */ = {isa = PBXBuildFile; fileRef = B241D4A7237DB02400F8AF1B /* NSObject+Helpers.swift */; };
/* End PBXBuildFile section */

/* Begin PBXFileReference section */
		214418327E9A92F0400D85CC /* Pods-video.release.xcconfig */ = {isa = PBXFileReference; includeInIndex = 1; lastKnownFileType = text.xcconfig; name = "Pods-video.release.xcconfig"; path = "Target Support Files/Pods-video/Pods-video.release.xcconfig"; sourceTree = "<group>"; };
		778099457FFC956DE31FBCFD /* Pods_video.framework */ = {isa = PBXFileReference; explicitFileType = wrapper.framework; includeInIndex = 0; path = Pods_video.framework; sourceTree = BUILT_PRODUCTS_DIR; };
		B231371B237DBC2D00663A70 /* Strings.swift */ = {isa = PBXFileReference; lastKnownFileType = sourcecode.swift; path = Strings.swift; sourceTree = "<group>"; };
		B241D45C237C446100F8AF1B /* video.app */ = {isa = PBXFileReference; explicitFileType = wrapper.application; includeInIndex = 0; path = video.app; sourceTree = BUILT_PRODUCTS_DIR; };
		B241D45F237C446100F8AF1B /* AppDelegate.swift */ = {isa = PBXFileReference; lastKnownFileType = sourcecode.swift; path = AppDelegate.swift; sourceTree = "<group>"; };
		B241D461237C446100F8AF1B /* SceneDelegate.swift */ = {isa = PBXFileReference; lastKnownFileType = sourcecode.swift; path = SceneDelegate.swift; sourceTree = "<group>"; };
		B241D466237C446100F8AF1B /* Base */ = {isa = PBXFileReference; lastKnownFileType = file.storyboard; name = Base; path = Base.lproj/Main.storyboard; sourceTree = "<group>"; };
		B241D468237C446200F8AF1B /* Assets.xcassets */ = {isa = PBXFileReference; lastKnownFileType = folder.assetcatalog; path = Assets.xcassets; sourceTree = "<group>"; };
		B241D46B237C446200F8AF1B /* Base */ = {isa = PBXFileReference; lastKnownFileType = file.storyboard; name = Base; path = Base.lproj/LaunchScreen.storyboard; sourceTree = "<group>"; };
		B241D46D237C446200F8AF1B /* Info.plist */ = {isa = PBXFileReference; lastKnownFileType = text.plist.xml; path = Info.plist; sourceTree = "<group>"; };
		B241D473237C450E00F8AF1B /* Podfile */ = {isa = PBXFileReference; fileEncoding = 4; lastKnownFileType = text; path = Podfile; sourceTree = "<group>"; };
		B241D476237C493000F8AF1B /* Services.swift */ = {isa = PBXFileReference; lastKnownFileType = sourcecode.swift; name = Services.swift; path = video/Services.swift; sourceTree = SOURCE_ROOT; };
		B241D47A237C49B300F8AF1B /* Configuration.swift */ = {isa = PBXFileReference; lastKnownFileType = sourcecode.swift; path = Configuration.swift; sourceTree = "<group>"; };
		B241D47C237C49F900F8AF1B /* Constants.swift */ = {isa = PBXFileReference; lastKnownFileType = sourcecode.swift; path = Constants.swift; sourceTree = "<group>"; };
		B241D47F237C4A6500F8AF1B /* Video.swift */ = {isa = PBXFileReference; lastKnownFileType = sourcecode.swift; path = Video.swift; sourceTree = SOURCE_ROOT; };
		B241D496237DAEF700F8AF1B /* UITableViewAnimation.swift */ = {isa = PBXFileReference; lastKnownFileType = sourcecode.swift; name = UITableViewAnimation.swift; path = video/Utilities/Protocols/UITableViewAnimation.swift; sourceTree = SOURCE_ROOT; };
		B241D49C237DAF7F00F8AF1B /* ListViewController.swift */ = {isa = PBXFileReference; lastKnownFileType = sourcecode.swift; name = ListViewController.swift; path = video/UI/ListViewController.swift; sourceTree = SOURCE_ROOT; };
		B241D49E237DAF8A00F8AF1B /* DetailsViewController.swift */ = {isa = PBXFileReference; lastKnownFileType = sourcecode.swift; path = DetailsViewController.swift; sourceTree = "<group>"; };
		B241D4A1237DAFBF00F8AF1B /* VideoCell.swift */ = {isa = PBXFileReference; lastKnownFileType = sourcecode.swift; name = VideoCell.swift; path = video/UI/VideoCell.swift; sourceTree = SOURCE_ROOT; };
		B241D4A2237DAFBF00F8AF1B /* VideoCell.xib */ = {isa = PBXFileReference; lastKnownFileType = file.xib; name = VideoCell.xib; path = video/UI/VideoCell.xib; sourceTree = SOURCE_ROOT; };
		B241D4A5237DAFF900F8AF1B /* UITableViewCell+Helpers.swift */ = {isa = PBXFileReference; lastKnownFileType = sourcecode.swift; name = "UITableViewCell+Helpers.swift"; path = "video/UITableViewCell+Helpers.swift"; sourceTree = SOURCE_ROOT; };
		B241D4A7237DB02400F8AF1B /* NSObject+Helpers.swift */ = {isa = PBXFileReference; lastKnownFileType = sourcecode.swift; name = "NSObject+Helpers.swift"; path = "video/Utilities/NSObject+Helpers.swift"; sourceTree = SOURCE_ROOT; };
		BBABE4926D1C4E561C44D9EA /* Pods-video.debug.xcconfig */ = {isa = PBXFileReference; includeInIndex = 1; lastKnownFileType = text.xcconfig; name = "Pods-video.debug.xcconfig"; path = "Target Support Files/Pods-video/Pods-video.debug.xcconfig"; sourceTree = "<group>"; };
/* End PBXFileReference section */

/* Begin PBXFrameworksBuildPhase section */
		B241D459237C446100F8AF1B /* Frameworks */ = {
			isa = PBXFrameworksBuildPhase;
			buildActionMask = 2147483647;
			files = (
				7815DF6A0EBCE55ABDA75970 /* Pods_video.framework in Frameworks */,
			);
			runOnlyForDeploymentPostprocessing = 0;
		};
/* End PBXFrameworksBuildPhase section */

/* Begin PBXGroup section */
		64F37440FFD80C1D88A64EBC /* Pods */ = {
			isa = PBXGroup;
			children = (
				BBABE4926D1C4E561C44D9EA /* Pods-video.debug.xcconfig */,
				214418327E9A92F0400D85CC /* Pods-video.release.xcconfig */,
			);
			path = Pods;
			sourceTree = "<group>";
		};
		B241D453237C446100F8AF1B = {
			isa = PBXGroup;
			children = (
				B241D473237C450E00F8AF1B /* Podfile */,
				B241D45E237C446100F8AF1B /* video */,
				B241D45D237C446100F8AF1B /* Products */,
				64F37440FFD80C1D88A64EBC /* Pods */,
				D988C86CAA694DA07F537BFB /* Frameworks */,
			);
			sourceTree = "<group>";
		};
		B241D45D237C446100F8AF1B /* Products */ = {
			isa = PBXGroup;
			children = (
				B241D45C237C446100F8AF1B /* video.app */,
			);
			name = Products;
			sourceTree = "<group>";
		};
		B241D45E237C446100F8AF1B /* video */ = {
			isa = PBXGroup;
			children = (
				B241D45F237C446100F8AF1B /* AppDelegate.swift */,
				B241D461237C446100F8AF1B /* SceneDelegate.swift */,
				B241D46A237C446200F8AF1B /* LaunchScreen.storyboard */,
				B241D465237C446100F8AF1B /* Main.storyboard */,
				B241D468237C446200F8AF1B /* Assets.xcassets */,
				B241D46D237C446200F8AF1B /* Info.plist */,
				B241D475237C492300F8AF1B /* Services */,
				B241D47E237C4A5A00F8AF1B /* Models */,
				B241D499237DAF4500F8AF1B /* UI */,
				B241D479237C49A400F8AF1B /* Utilities */,
				B241D481237C4C5200F8AF1B /* Ressources */,
			);
			path = video;
			sourceTree = "<group>";
		};
		B241D475237C492300F8AF1B /* Services */ = {
			isa = PBXGroup;
			children = (
				B241D476237C493000F8AF1B /* Services.swift */,
			);
			path = Services;
			sourceTree = "<group>";
		};
		B241D479237C49A400F8AF1B /* Utilities */ = {
			isa = PBXGroup;
			children = (
				B241D4A9237DB14300F8AF1B /* Enums */,
				B241D495237DAEDA00F8AF1B /* Extensions */,
				B241D498237DAEFA00F8AF1B /* Protocols */,
			);
			path = Utilities;
			sourceTree = "<group>";
		};
		B241D47E237C4A5A00F8AF1B /* Models */ = {
			isa = PBXGroup;
			children = (
				B241D47F237C4A6500F8AF1B /* Video.swift */,
			);
			path = Models;
			sourceTree = "<group>";
		};
		B241D481237C4C5200F8AF1B /* Ressources */ = {
			isa = PBXGroup;
			children = (
			);
			path = Ressources;
			sourceTree = "<group>";
		};
		B241D495237DAEDA00F8AF1B /* Extensions */ = {
			isa = PBXGroup;
			children = (
				B241D4A7237DB02400F8AF1B /* NSObject+Helpers.swift */,
				B241D4A5237DAFF900F8AF1B /* UITableViewCell+Helpers.swift */,
			);
			path = Extensions;
			sourceTree = "<group>";
		};
		B241D498237DAEFA00F8AF1B /* Protocols */ = {
			isa = PBXGroup;
			children = (
				B241D496237DAEF700F8AF1B /* UITableViewAnimation.swift */,
			);
			path = Protocols;
			sourceTree = "<group>";
		};
		B241D499237DAF4500F8AF1B /* UI */ = {
			isa = PBXGroup;
			children = (
				B241D49A237DAF5D00F8AF1B /* List */,
				B241D49B237DAF6700F8AF1B /* Details */,
			);
			path = UI;
			sourceTree = "<group>";
		};
		B241D49A237DAF5D00F8AF1B /* List */ = {
			isa = PBXGroup;
			children = (
				B241D49C237DAF7F00F8AF1B /* ListViewController.swift */,
				B241D4A0237DAFAA00F8AF1B /* Cells */,
			);
			path = List;
			sourceTree = "<group>";
		};
		B241D49B237DAF6700F8AF1B /* Details */ = {
			isa = PBXGroup;
			children = (
				B241D49E237DAF8A00F8AF1B /* DetailsViewController.swift */,
			);
			path = Details;
			sourceTree = "<group>";
		};
		B241D4A0237DAFAA00F8AF1B /* Cells */ = {
			isa = PBXGroup;
			children = (
				B241D4A2237DAFBF00F8AF1B /* VideoCell.xib */,
				B241D4A1237DAFBF00F8AF1B /* VideoCell.swift */,
			);
			path = Cells;
			sourceTree = "<group>";
		};
		B241D4A9237DB14300F8AF1B /* Enums */ = {
			isa = PBXGroup;
			children = (
				B241D47A237C49B300F8AF1B /* Configuration.swift */,
				B241D47C237C49F900F8AF1B /* Constants.swift */,
				B231371B237DBC2D00663A70 /* Strings.swift */,
			);
			path = Enums;
			sourceTree = "<group>";
		};
		D988C86CAA694DA07F537BFB /* Frameworks */ = {
			isa = PBXGroup;
			children = (
				778099457FFC956DE31FBCFD /* Pods_video.framework */,
			);
			name = Frameworks;
			sourceTree = "<group>";
		};
/* End PBXGroup section */

/* Begin PBXNativeTarget section */
		B241D45B237C446100F8AF1B /* video */ = {
			isa = PBXNativeTarget;
			buildConfigurationList = B241D470237C446200F8AF1B /* Build configuration list for PBXNativeTarget "video" */;
			buildPhases = (
				88AD916F22549B29C4B46028 /* [CP] Check Pods Manifest.lock */,
				B241D458237C446100F8AF1B /* Sources */,
				B241D459237C446100F8AF1B /* Frameworks */,
				B241D45A237C446100F8AF1B /* Resources */,
				B606CC4D6932DC3CAAF6EE90 /* [CP] Embed Pods Frameworks */,
			);
			buildRules = (
			);
			dependencies = (
			);
			name = video;
			productName = video;
			productReference = B241D45C237C446100F8AF1B /* video.app */;
			productType = "com.apple.product-type.application";
		};
/* End PBXNativeTarget section */

/* Begin PBXProject section */
		B241D454237C446100F8AF1B /* Project object */ = {
			isa = PBXProject;
			attributes = {
				LastSwiftUpdateCheck = 1120;
				LastUpgradeCheck = 1120;
				ORGANIZATIONNAME = "Voodoo Coding";
				TargetAttributes = {
					B241D45B237C446100F8AF1B = {
						CreatedOnToolsVersion = 11.2.1;
					};
				};
			};
			buildConfigurationList = B241D457237C446100F8AF1B /* Build configuration list for PBXProject "video" */;
			compatibilityVersion = "Xcode 9.3";
			developmentRegion = en;
			hasScannedForEncodings = 0;
			knownRegions = (
				en,
				Base,
			);
			mainGroup = B241D453237C446100F8AF1B;
			productRefGroup = B241D45D237C446100F8AF1B /* Products */;
			projectDirPath = "";
			projectRoot = "";
			targets = (
				B241D45B237C446100F8AF1B /* video */,
			);
		};
/* End PBXProject section */

/* Begin PBXResourcesBuildPhase section */
		B241D45A237C446100F8AF1B /* Resources */ = {
			isa = PBXResourcesBuildPhase;
			buildActionMask = 2147483647;
			files = (
				B241D4A4237DAFBF00F8AF1B /* VideoCell.xib in Resources */,
				B241D46C237C446200F8AF1B /* LaunchScreen.storyboard in Resources */,
				B241D469237C446200F8AF1B /* Assets.xcassets in Resources */,
				B241D474237C450E00F8AF1B /* Podfile in Resources */,
				B241D467237C446100F8AF1B /* Main.storyboard in Resources */,
			);
			runOnlyForDeploymentPostprocessing = 0;
		};
/* End PBXResourcesBuildPhase section */

/* Begin PBXShellScriptBuildPhase section */
		88AD916F22549B29C4B46028 /* [CP] Check Pods Manifest.lock */ = {
			isa = PBXShellScriptBuildPhase;
			buildActionMask = 2147483647;
			files = (
			);
			inputFileListPaths = (
			);
			inputPaths = (
				"${PODS_PODFILE_DIR_PATH}/Podfile.lock",
				"${PODS_ROOT}/Manifest.lock",
			);
			name = "[CP] Check Pods Manifest.lock";
			outputFileListPaths = (
			);
			outputPaths = (
				"$(DERIVED_FILE_DIR)/Pods-video-checkManifestLockResult.txt",
			);
			runOnlyForDeploymentPostprocessing = 0;
			shellPath = /bin/sh;
			shellScript = "diff \"${PODS_PODFILE_DIR_PATH}/Podfile.lock\" \"${PODS_ROOT}/Manifest.lock\" > /dev/null\nif [ $? != 0 ] ; then\n    # print error to STDERR\n    echo \"error: The sandbox is not in sync with the Podfile.lock. Run 'pod install' or update your CocoaPods installation.\" >&2\n    exit 1\nfi\n# This output is used by Xcode 'outputs' to avoid re-running this script phase.\necho \"SUCCESS\" > \"${SCRIPT_OUTPUT_FILE_0}\"\n";
			showEnvVarsInLog = 0;
		};
		B606CC4D6932DC3CAAF6EE90 /* [CP] Embed Pods Frameworks */ = {
			isa = PBXShellScriptBuildPhase;
			buildActionMask = 2147483647;
			files = (
			);
			inputFileListPaths = (
				"${PODS_ROOT}/Target Support Files/Pods-video/Pods-video-frameworks-${CONFIGURATION}-input-files.xcfilelist",
			);
			name = "[CP] Embed Pods Frameworks";
			outputFileListPaths = (
				"${PODS_ROOT}/Target Support Files/Pods-video/Pods-video-frameworks-${CONFIGURATION}-output-files.xcfilelist",
			);
			runOnlyForDeploymentPostprocessing = 0;
			shellPath = /bin/sh;
			shellScript = "\"${PODS_ROOT}/Target Support Files/Pods-video/Pods-video-frameworks.sh\"\n";
			showEnvVarsInLog = 0;
		};
/* End PBXShellScriptBuildPhase section */

/* Begin PBXSourcesBuildPhase section */
		B241D458237C446100F8AF1B /* Sources */ = {
			isa = PBXSourcesBuildPhase;
			buildActionMask = 2147483647;
			files = (
				B241D47B237C49B300F8AF1B /* Configuration.swift in Sources */,
				B241D477237C493000F8AF1B /* Services.swift in Sources */,
				B241D4A6237DAFF900F8AF1B /* UITableViewCell+Helpers.swift in Sources */,
				B241D460237C446100F8AF1B /* AppDelegate.swift in Sources */,
				B241D462237C446100F8AF1B /* SceneDelegate.swift in Sources */,
				B241D49D237DAF7F00F8AF1B /* ListViewController.swift in Sources */,
				B241D480237C4A6500F8AF1B /* Video.swift in Sources */,
				B231371C237DBC2D00663A70 /* Strings.swift in Sources */,
				B241D4A3237DAFBF00F8AF1B /* VideoCell.swift in Sources */,
				B241D497237DAEF700F8AF1B /* UITableViewAnimation.swift in Sources */,
				B241D47D237C49F900F8AF1B /* Constants.swift in Sources */,
				B241D4A8237DB02400F8AF1B /* NSObject+Helpers.swift in Sources */,
				B241D49F237DAF8A00F8AF1B /* DetailsViewController.swift in Sources */,
			);
			runOnlyForDeploymentPostprocessing = 0;
		};
/* End PBXSourcesBuildPhase section */

/* Begin PBXVariantGroup section */
		B241D465237C446100F8AF1B /* Main.storyboard */ = {
			isa = PBXVariantGroup;
			children = (
				B241D466237C446100F8AF1B /* Base */,
			);
			name = Main.storyboard;
			sourceTree = "<group>";
		};
		B241D46A237C446200F8AF1B /* LaunchScreen.storyboard */ = {
			isa = PBXVariantGroup;
			children = (
				B241D46B237C446200F8AF1B /* Base */,
			);
			name = LaunchScreen.storyboard;
			sourceTree = "<group>";
		};
/* End PBXVariantGroup section */

/* Begin XCBuildConfiguration section */
		B241D46E237C446200F8AF1B /* Debug */ = {
			isa = XCBuildConfiguration;
			buildSettings = {
				ALWAYS_SEARCH_USER_PATHS = NO;
				CLANG_ANALYZER_NONNULL = YES;
				CLANG_ANALYZER_NUMBER_OBJECT_CONVERSION = YES_AGGRESSIVE;
				CLANG_CXX_LANGUAGE_STANDARD = "gnu++14";
				CLANG_CXX_LIBRARY = "libc++";
				CLANG_ENABLE_MODULES = YES;
				CLANG_ENABLE_OBJC_ARC = YES;
				CLANG_ENABLE_OBJC_WEAK = YES;
				CLANG_WARN_BLOCK_CAPTURE_AUTORELEASING = YES;
				CLANG_WARN_BOOL_CONVERSION = YES;
				CLANG_WARN_COMMA = YES;
				CLANG_WARN_CONSTANT_CONVERSION = YES;
				CLANG_WARN_DEPRECATED_OBJC_IMPLEMENTATIONS = YES;
				CLANG_WARN_DIRECT_OBJC_ISA_USAGE = YES_ERROR;
				CLANG_WARN_DOCUMENTATION_COMMENTS = YES;
				CLANG_WARN_EMPTY_BODY = YES;
				CLANG_WARN_ENUM_CONVERSION = YES;
				CLANG_WARN_INFINITE_RECURSION = YES;
				CLANG_WARN_INT_CONVERSION = YES;
				CLANG_WARN_NON_LITERAL_NULL_CONVERSION = YES;
				CLANG_WARN_OBJC_IMPLICIT_RETAIN_SELF = YES;
				CLANG_WARN_OBJC_LITERAL_CONVERSION = YES;
				CLANG_WARN_OBJC_ROOT_CLASS = YES_ERROR;
				CLANG_WARN_RANGE_LOOP_ANALYSIS = YES;
				CLANG_WARN_STRICT_PROTOTYPES = YES;
				CLANG_WARN_SUSPICIOUS_MOVE = YES;
				CLANG_WARN_UNGUARDED_AVAILABILITY = YES_AGGRESSIVE;
				CLANG_WARN_UNREACHABLE_CODE = YES;
				CLANG_WARN__DUPLICATE_METHOD_MATCH = YES;
				COPY_PHASE_STRIP = NO;
				DEBUG_INFORMATION_FORMAT = dwarf;
				ENABLE_STRICT_OBJC_MSGSEND = YES;
				ENABLE_TESTABILITY = YES;
				GCC_C_LANGUAGE_STANDARD = gnu11;
				GCC_DYNAMIC_NO_PIC = NO;
				GCC_NO_COMMON_BLOCKS = YES;
				GCC_OPTIMIZATION_LEVEL = 0;
				GCC_PREPROCESSOR_DEFINITIONS = (
					"DEBUG=1",
					"$(inherited)",
				);
				GCC_WARN_64_TO_32_BIT_CONVERSION = YES;
				GCC_WARN_ABOUT_RETURN_TYPE = YES_ERROR;
				GCC_WARN_UNDECLARED_SELECTOR = YES;
				GCC_WARN_UNINITIALIZED_AUTOS = YES_AGGRESSIVE;
				GCC_WARN_UNUSED_FUNCTION = YES;
				GCC_WARN_UNUSED_VARIABLE = YES;
				IPHONEOS_DEPLOYMENT_TARGET = 13.2;
				MTL_ENABLE_DEBUG_INFO = INCLUDE_SOURCE;
				MTL_FAST_MATH = YES;
				ONLY_ACTIVE_ARCH = YES;
				SDKROOT = iphoneos;
				SWIFT_ACTIVE_COMPILATION_CONDITIONS = DEBUG;
				SWIFT_OPTIMIZATION_LEVEL = "-Onone";
			};
			name = Debug;
		};
		B241D46F237C446200F8AF1B /* Release */ = {
			isa = XCBuildConfiguration;
			buildSettings = {
				ALWAYS_SEARCH_USER_PATHS = NO;
				CLANG_ANALYZER_NONNULL = YES;
				CLANG_ANALYZER_NUMBER_OBJECT_CONVERSION = YES_AGGRESSIVE;
				CLANG_CXX_LANGUAGE_STANDARD = "gnu++14";
				CLANG_CXX_LIBRARY = "libc++";
				CLANG_ENABLE_MODULES = YES;
				CLANG_ENABLE_OBJC_ARC = YES;
				CLANG_ENABLE_OBJC_WEAK = YES;
				CLANG_WARN_BLOCK_CAPTURE_AUTORELEASING = YES;
				CLANG_WARN_BOOL_CONVERSION = YES;
				CLANG_WARN_COMMA = YES;
				CLANG_WARN_CONSTANT_CONVERSION = YES;
				CLANG_WARN_DEPRECATED_OBJC_IMPLEMENTATIONS = YES;
				CLANG_WARN_DIRECT_OBJC_ISA_USAGE = YES_ERROR;
				CLANG_WARN_DOCUMENTATION_COMMENTS = YES;
				CLANG_WARN_EMPTY_BODY = YES;
				CLANG_WARN_ENUM_CONVERSION = YES;
				CLANG_WARN_INFINITE_RECURSION = YES;
				CLANG_WARN_INT_CONVERSION = YES;
				CLANG_WARN_NON_LITERAL_NULL_CONVERSION = YES;
				CLANG_WARN_OBJC_IMPLICIT_RETAIN_SELF = YES;
				CLANG_WARN_OBJC_LITERAL_CONVERSION = YES;
				CLANG_WARN_OBJC_ROOT_CLASS = YES_ERROR;
				CLANG_WARN_RANGE_LOOP_ANALYSIS = YES;
				CLANG_WARN_STRICT_PROTOTYPES = YES;
				CLANG_WARN_SUSPICIOUS_MOVE = YES;
				CLANG_WARN_UNGUARDED_AVAILABILITY = YES_AGGRESSIVE;
				CLANG_WARN_UNREACHABLE_CODE = YES;
				CLANG_WARN__DUPLICATE_METHOD_MATCH = YES;
				COPY_PHASE_STRIP = NO;
				DEBUG_INFORMATION_FORMAT = "dwarf-with-dsym";
				ENABLE_NS_ASSERTIONS = NO;
				ENABLE_STRICT_OBJC_MSGSEND = YES;
				GCC_C_LANGUAGE_STANDARD = gnu11;
				GCC_NO_COMMON_BLOCKS = YES;
				GCC_WARN_64_TO_32_BIT_CONVERSION = YES;
				GCC_WARN_ABOUT_RETURN_TYPE = YES_ERROR;
				GCC_WARN_UNDECLARED_SELECTOR = YES;
				GCC_WARN_UNINITIALIZED_AUTOS = YES_AGGRESSIVE;
				GCC_WARN_UNUSED_FUNCTION = YES;
				GCC_WARN_UNUSED_VARIABLE = YES;
				IPHONEOS_DEPLOYMENT_TARGET = 13.2;
				MTL_ENABLE_DEBUG_INFO = NO;
				MTL_FAST_MATH = YES;
				SDKROOT = iphoneos;
				SWIFT_COMPILATION_MODE = wholemodule;
				SWIFT_OPTIMIZATION_LEVEL = "-O";
				VALIDATE_PRODUCT = YES;
			};
			name = Release;
		};
		B241D471237C446200F8AF1B /* Debug */ = {
			isa = XCBuildConfiguration;
			baseConfigurationReference = BBABE4926D1C4E561C44D9EA /* Pods-video.debug.xcconfig */;
			buildSettings = {
				ASSETCATALOG_COMPILER_APPICON_NAME = AppIcon;
				CODE_SIGN_STYLE = Automatic;
				DEVELOPMENT_TEAM = MLQB46LVMW;
				INFOPLIST_FILE = video/Info.plist;
				LD_RUNPATH_SEARCH_PATHS = (
					"$(inherited)",
					"@executable_path/Frameworks",
				);
				PRODUCT_BUNDLE_IDENTIFIER = voodoocoding.video;
				PRODUCT_NAME = "$(TARGET_NAME)";
				SWIFT_VERSION = 5.0;
				TARGETED_DEVICE_FAMILY = "1,2";
			};
			name = Debug;
		};
		B241D472237C446200F8AF1B /* Release */ = {
			isa = XCBuildConfiguration;
			baseConfigurationReference = 214418327E9A92F0400D85CC /* Pods-video.release.xcconfig */;
			buildSettings = {
				ASSETCATALOG_COMPILER_APPICON_NAME = AppIcon;
				CODE_SIGN_STYLE = Automatic;
				DEVELOPMENT_TEAM = MLQB46LVMW;
				INFOPLIST_FILE = video/Info.plist;
				LD_RUNPATH_SEARCH_PATHS = (
					"$(inherited)",
					"@executable_path/Frameworks",
				);
				PRODUCT_BUNDLE_IDENTIFIER = voodoocoding.video;
				PRODUCT_NAME = "$(TARGET_NAME)";
				SWIFT_VERSION = 5.0;
				TARGETED_DEVICE_FAMILY = "1,2";
			};
			name = Release;
		};
/* End XCBuildConfiguration section */

/* Begin XCConfigurationList section */
		B241D457237C446100F8AF1B /* Build configuration list for PBXProject "video" */ = {
			isa = XCConfigurationList;
			buildConfigurations = (
				B241D46E237C446200F8AF1B /* Debug */,
				B241D46F237C446200F8AF1B /* Release */,
			);
			defaultConfigurationIsVisible = 0;
			defaultConfigurationName = Release;
		};
		B241D470237C446200F8AF1B /* Build configuration list for PBXNativeTarget "video" */ = {
			isa = XCConfigurationList;
			buildConfigurations = (
				B241D471237C446200F8AF1B /* Debug */,
				B241D472237C446200F8AF1B /* Release */,
			);
			defaultConfigurationIsVisible = 0;
			defaultConfigurationName = Release;
		};
/* End XCConfigurationList section */
	};
	rootObject = B241D454237C446100F8AF1B /* Project object */;
}
